
Microsoft Visual Studio Solution File, Format Version 12.00
# Visual Studio Version 17
VisualStudioVersion = 17.2.32519.379
MinimumVisualStudioVersion = 10.0.40219.1
Project("{9A19103F-16F7-4668-BE54-9A1E7A4F7556}") = "ScrumBoardApp", "ScrumBoardApp\ScrumBoardApp.csproj", "{147A05E7-39C5-4A1F-8725-40A50F6A358C}"
EndProject
Project("{9A19103F-16F7-4668-BE54-9A1E7A4F7556}") = "DAL", "DAL\DAL.csproj", "{2D034344-19C6-48A0-A5DD-7EF36831EBAD}"
EndProject
Project("{9A19103F-16F7-4668-BE54-9A1E7A4F7556}") = "BLL", "BLL\BLL.csproj", "{F692D66C-2575-4507-8DE3-2511D00D76AB}"
EndProject
Global
	GlobalSection(SolutionConfigurationPlatforms) = preSolution
		Debug|Any CPU = Debug|Any CPU
		Release|Any CPU = Release|Any CPU
	EndGlobalSection
	GlobalSection(ProjectConfigurationPlatforms) = postSolution
		{147A05E7-39C5-4A1F-8725-40A50F6A358C}.Debug|Any CPU.ActiveCfg = Debug|Any CPU
		{147A05E7-39C5-4A1F-8725-40A50F6A358C}.Debug|Any CPU.Build.0 = Debug|Any CPU
		{147A05E7-39C5-4A1F-8725-40A50F6A358C}.Release|Any CPU.ActiveCfg = Release|Any CPU
		{147A05E7-39C5-4A1F-8725-40A50F6A358C}.Release|Any CPU.Build.0 = Release|Any CPU
		{2D034344-19C6-48A0-A5DD-7EF36831EBAD}.Debug|Any CPU.ActiveCfg = Debug|Any CPU
		{2D034344-19C6-48A0-A5DD-7EF36831EBAD}.Debug|Any CPU.Build.0 = Debug|Any CPU
		{2D034344-19C6-48A0-A5DD-7EF36831EBAD}.Release|Any CPU.ActiveCfg = Release|Any CPU
		{2D034344-19C6-48A0-A5DD-7EF36831EBAD}.Release|Any CPU.Build.0 = Release|Any CPU
		{F692D66C-2575-4507-8DE3-2511D00D76AB}.Debug|Any CPU.ActiveCfg = Debug|Any CPU
		{F692D66C-2575-4507-8DE3-2511D00D76AB}.Debug|Any CPU.Build.0 = Debug|Any CPU
		{F692D66C-2575-4507-8DE3-2511D00D76AB}.Release|Any CPU.ActiveCfg = Release|Any CPU
		{F692D66C-2575-4507-8DE3-2511D00D76AB}.Release|Any CPU.Build.0 = Release|Any CPU
	EndGlobalSection
	GlobalSection(SolutionProperties) = preSolution
		HideSolutionNode = FALSE
	EndGlobalSection
	GlobalSection(ExtensibilityGlobals) = postSolution
		SolutionGuid = {BA29A516-1D97-4DAB-8275-6108C94DC3D7}
	EndGlobalSection
EndGlobal
