
Microsoft Visual Studio Solution File, Format Version 12.00
# Visual Studio Version 17
VisualStudioVersion = 17.2.32519.379
MinimumVisualStudioVersion = 10.0.40219.1
Project("{FAE04EC0-301F-11D3-BF4B-00C04F79EFBC}") = "ScrumBoardApp", "ScrumBoardApp\ScrumBoardApp.csproj", "{147A05E7-39C5-4A1F-8725-40A50F6A358C}"
EndProject
Global
	GlobalSection(SolutionConfigurationPlatforms) = preSolution
		Debug|Any CPU = Debug|Any CPU
		Release|Any CPU = Release|Any CPU
	EndGlobalSection
	GlobalSection(ProjectConfigurationPlatforms) = postSolution
		{147A05E7-39C5-4A1F-8725-40A50F6A358C}.Debug|Any CPU.ActiveCfg = Debug|Any CPU
		{147A05E7-39C5-4A1F-8725-40A50F6A358C}.Debug|Any CPU.Build.0 = Debug|Any CPU
		{147A05E7-39C5-4A1F-8725-40A50F6A358C}.Release|Any CPU.ActiveCfg = Release|Any CPU
		{147A05E7-39C5-4A1F-8725-40A50F6A358C}.Release|Any CPU.Build.0 = Release|Any CPU
	EndGlobalSection
	GlobalSection(SolutionProperties) = preSolution
		HideSolutionNode = FALSE
	EndGlobalSection
	GlobalSection(ExtensibilityGlobals) = postSolution
		SolutionGuid = {BA29A516-1D97-4DAB-8275-6108C94DC3D7}
	EndGlobalSection
EndGlobal
